// !$*UTF8*$!
{
	archiveVersion = 1;
	classes = {
	};
	objectVersion = 56;
	objects = {

/* Begin PBXBuildFile section */
		53F0297D03B6BC68D2954329 /* Pods_BioE_123_V3_CentrifugeTests.framework in Frameworks */ = {isa = PBXBuildFile; fileRef = 0E399634E089922A273CF239 /* Pods_BioE_123_V3_CentrifugeTests.framework */; };
		5E1F133F84FF6171740FC433 /* Pods_BioE_123_V3_Centrifuge.framework in Frameworks */ = {isa = PBXBuildFile; fileRef = B1E473FBE66E8CFC5F479BF5 /* Pods_BioE_123_V3_Centrifuge.framework */; };
		6CE2FB1CB0AA888CC4D9A20D /* Pods_BioE_123_V3_Centrifuge_BioE_123_V3_CentrifugeUITests.framework in Frameworks */ = {isa = PBXBuildFile; fileRef = 5B135C688F18DCEB5D5841FF /* Pods_BioE_123_V3_Centrifuge_BioE_123_V3_CentrifugeUITests.framework */; };
		A34211D629BA95200095C536 /* AppDelegate.swift in Sources */ = {isa = PBXBuildFile; fileRef = A34211D529BA95200095C536 /* AppDelegate.swift */; };
		A34211D829BA95200095C536 /* SceneDelegate.swift in Sources */ = {isa = PBXBuildFile; fileRef = A34211D729BA95200095C536 /* SceneDelegate.swift */; };
		A34211DA29BA95200095C536 /* ViewController.swift in Sources */ = {isa = PBXBuildFile; fileRef = A34211D929BA95200095C536 /* ViewController.swift */; };
		A34211DD29BA95200095C536 /* Main.storyboard in Resources */ = {isa = PBXBuildFile; fileRef = A34211DB29BA95200095C536 /* Main.storyboard */; };
		A34211DF29BA95220095C536 /* Assets.xcassets in Resources */ = {isa = PBXBuildFile; fileRef = A34211DE29BA95220095C536 /* Assets.xcassets */; };
		A34211E229BA95220095C536 /* LaunchScreen.storyboard in Resources */ = {isa = PBXBuildFile; fileRef = A34211E029BA95220095C536 /* LaunchScreen.storyboard */; };
		A34211ED29BA95230095C536 /* BioE_123_V3_CentrifugeTests.swift in Sources */ = {isa = PBXBuildFile; fileRef = A34211EC29BA95230095C536 /* BioE_123_V3_CentrifugeTests.swift */; };
		A34211F729BA95230095C536 /* BioE_123_V3_CentrifugeUITests.swift in Sources */ = {isa = PBXBuildFile; fileRef = A34211F629BA95230095C536 /* BioE_123_V3_CentrifugeUITests.swift */; };
		A34211F929BA95230095C536 /* BioE_123_V3_CentrifugeUITestsLaunchTests.swift in Sources */ = {isa = PBXBuildFile; fileRef = A34211F829BA95230095C536 /* BioE_123_V3_CentrifugeUITestsLaunchTests.swift */; };
/* End PBXBuildFile section */

/* Begin PBXContainerItemProxy section */
		A34211E929BA95230095C536 /* PBXContainerItemProxy */ = {
			isa = PBXContainerItemProxy;
			containerPortal = A34211CA29BA95200095C536 /* Project object */;
			proxyType = 1;
			remoteGlobalIDString = A34211D129BA95200095C536;
			remoteInfo = "BioE 123 V3 Centrifuge";
		};
		A34211F329BA95230095C536 /* PBXContainerItemProxy */ = {
			isa = PBXContainerItemProxy;
			containerPortal = A34211CA29BA95200095C536 /* Project object */;
			proxyType = 1;
			remoteGlobalIDString = A34211D129BA95200095C536;
			remoteInfo = "BioE 123 V3 Centrifuge";
		};
/* End PBXContainerItemProxy section */

/* Begin PBXFileReference section */
		0E399634E089922A273CF239 /* Pods_BioE_123_V3_CentrifugeTests.framework */ = {isa = PBXFileReference; explicitFileType = wrapper.framework; includeInIndex = 0; path = Pods_BioE_123_V3_CentrifugeTests.framework; sourceTree = BUILT_PRODUCTS_DIR; };
		0E6454B2D11DE4F57F2B183A /* Pods-BioE 123 V3 Centrifuge-BioE 123 V3 CentrifugeUITests.release.xcconfig */ = {isa = PBXFileReference; includeInIndex = 1; lastKnownFileType = text.xcconfig; name = "Pods-BioE 123 V3 Centrifuge-BioE 123 V3 CentrifugeUITests.release.xcconfig"; path = "Target Support Files/Pods-BioE 123 V3 Centrifuge-BioE 123 V3 CentrifugeUITests/Pods-BioE 123 V3 Centrifuge-BioE 123 V3 CentrifugeUITests.release.xcconfig"; sourceTree = "<group>"; };
		185ED486E1E175CDCA24599D /* Pods-BioE 123 V3 Centrifuge-BioE 123 V3 CentrifugeUITests.debug.xcconfig */ = {isa = PBXFileReference; includeInIndex = 1; lastKnownFileType = text.xcconfig; name = "Pods-BioE 123 V3 Centrifuge-BioE 123 V3 CentrifugeUITests.debug.xcconfig"; path = "Target Support Files/Pods-BioE 123 V3 Centrifuge-BioE 123 V3 CentrifugeUITests/Pods-BioE 123 V3 Centrifuge-BioE 123 V3 CentrifugeUITests.debug.xcconfig"; sourceTree = "<group>"; };
		5B135C688F18DCEB5D5841FF /* Pods_BioE_123_V3_Centrifuge_BioE_123_V3_CentrifugeUITests.framework */ = {isa = PBXFileReference; explicitFileType = wrapper.framework; includeInIndex = 0; path = Pods_BioE_123_V3_Centrifuge_BioE_123_V3_CentrifugeUITests.framework; sourceTree = BUILT_PRODUCTS_DIR; };
		6F1C5A4CC5073F63920E4D49 /* Pods-BioE 123 V3 Centrifuge.release.xcconfig */ = {isa = PBXFileReference; includeInIndex = 1; lastKnownFileType = text.xcconfig; name = "Pods-BioE 123 V3 Centrifuge.release.xcconfig"; path = "Target Support Files/Pods-BioE 123 V3 Centrifuge/Pods-BioE 123 V3 Centrifuge.release.xcconfig"; sourceTree = "<group>"; };
		A34211D229BA95200095C536 /* BioE 123 V3 Centrifuge.app */ = {isa = PBXFileReference; explicitFileType = wrapper.application; includeInIndex = 0; path = "BioE 123 V3 Centrifuge.app"; sourceTree = BUILT_PRODUCTS_DIR; };
		A34211D529BA95200095C536 /* AppDelegate.swift */ = {isa = PBXFileReference; lastKnownFileType = sourcecode.swift; path = AppDelegate.swift; sourceTree = "<group>"; };
		A34211D729BA95200095C536 /* SceneDelegate.swift */ = {isa = PBXFileReference; lastKnownFileType = sourcecode.swift; path = SceneDelegate.swift; sourceTree = "<group>"; };
		A34211D929BA95200095C536 /* ViewController.swift */ = {isa = PBXFileReference; lastKnownFileType = sourcecode.swift; path = ViewController.swift; sourceTree = "<group>"; };
		A34211DC29BA95200095C536 /* Base */ = {isa = PBXFileReference; lastKnownFileType = file.storyboard; name = Base; path = Base.lproj/Main.storyboard; sourceTree = "<group>"; };
		A34211DE29BA95220095C536 /* Assets.xcassets */ = {isa = PBXFileReference; lastKnownFileType = folder.assetcatalog; path = Assets.xcassets; sourceTree = "<group>"; };
		A34211E129BA95220095C536 /* Base */ = {isa = PBXFileReference; lastKnownFileType = file.storyboard; name = Base; path = Base.lproj/LaunchScreen.storyboard; sourceTree = "<group>"; };
		A34211E329BA95220095C536 /* Info.plist */ = {isa = PBXFileReference; lastKnownFileType = text.plist.xml; path = Info.plist; sourceTree = "<group>"; };
		A34211E829BA95230095C536 /* BioE 123 V3 CentrifugeTests.xctest */ = {isa = PBXFileReference; explicitFileType = wrapper.cfbundle; includeInIndex = 0; path = "BioE 123 V3 CentrifugeTests.xctest"; sourceTree = BUILT_PRODUCTS_DIR; };
		A34211EC29BA95230095C536 /* BioE_123_V3_CentrifugeTests.swift */ = {isa = PBXFileReference; lastKnownFileType = sourcecode.swift; path = BioE_123_V3_CentrifugeTests.swift; sourceTree = "<group>"; };
		A34211F229BA95230095C536 /* BioE 123 V3 CentrifugeUITests.xctest */ = {isa = PBXFileReference; explicitFileType = wrapper.cfbundle; includeInIndex = 0; path = "BioE 123 V3 CentrifugeUITests.xctest"; sourceTree = BUILT_PRODUCTS_DIR; };
		A34211F629BA95230095C536 /* BioE_123_V3_CentrifugeUITests.swift */ = {isa = PBXFileReference; lastKnownFileType = sourcecode.swift; path = BioE_123_V3_CentrifugeUITests.swift; sourceTree = "<group>"; };
		A34211F829BA95230095C536 /* BioE_123_V3_CentrifugeUITestsLaunchTests.swift */ = {isa = PBXFileReference; lastKnownFileType = sourcecode.swift; path = BioE_123_V3_CentrifugeUITestsLaunchTests.swift; sourceTree = "<group>"; };
		B1E473FBE66E8CFC5F479BF5 /* Pods_BioE_123_V3_Centrifuge.framework */ = {isa = PBXFileReference; explicitFileType = wrapper.framework; includeInIndex = 0; path = Pods_BioE_123_V3_Centrifuge.framework; sourceTree = BUILT_PRODUCTS_DIR; };
		B21A6688E67DC1A2F4D50699 /* Pods-BioE 123 V3 CentrifugeTests.release.xcconfig */ = {isa = PBXFileReference; includeInIndex = 1; lastKnownFileType = text.xcconfig; name = "Pods-BioE 123 V3 CentrifugeTests.release.xcconfig"; path = "Target Support Files/Pods-BioE 123 V3 CentrifugeTests/Pods-BioE 123 V3 CentrifugeTests.release.xcconfig"; sourceTree = "<group>"; };
		EDF8E4AECE164B9DC79C5C38 /* Pods-BioE 123 V3 Centrifuge.debug.xcconfig */ = {isa = PBXFileReference; includeInIndex = 1; lastKnownFileType = text.xcconfig; name = "Pods-BioE 123 V3 Centrifuge.debug.xcconfig"; path = "Target Support Files/Pods-BioE 123 V3 Centrifuge/Pods-BioE 123 V3 Centrifuge.debug.xcconfig"; sourceTree = "<group>"; };
		FD2411F4C3AE7147937EAAE9 /* Pods-BioE 123 V3 CentrifugeTests.debug.xcconfig */ = {isa = PBXFileReference; includeInIndex = 1; lastKnownFileType = text.xcconfig; name = "Pods-BioE 123 V3 CentrifugeTests.debug.xcconfig"; path = "Target Support Files/Pods-BioE 123 V3 CentrifugeTests/Pods-BioE 123 V3 CentrifugeTests.debug.xcconfig"; sourceTree = "<group>"; };
/* End PBXFileReference section */

/* Begin PBXFrameworksBuildPhase section */
		A34211CF29BA95200095C536 /* Frameworks */ = {
			isa = PBXFrameworksBuildPhase;
			buildActionMask = 2147483647;
			files = (
				5E1F133F84FF6171740FC433 /* Pods_BioE_123_V3_Centrifuge.framework in Frameworks */,
			);
			runOnlyForDeploymentPostprocessing = 0;
		};
		A34211E529BA95230095C536 /* Frameworks */ = {
			isa = PBXFrameworksBuildPhase;
			buildActionMask = 2147483647;
			files = (
				53F0297D03B6BC68D2954329 /* Pods_BioE_123_V3_CentrifugeTests.framework in Frameworks */,
			);
			runOnlyForDeploymentPostprocessing = 0;
		};
		A34211EF29BA95230095C536 /* Frameworks */ = {
			isa = PBXFrameworksBuildPhase;
			buildActionMask = 2147483647;
			files = (
				6CE2FB1CB0AA888CC4D9A20D /* Pods_BioE_123_V3_Centrifuge_BioE_123_V3_CentrifugeUITests.framework in Frameworks */,
			);
			runOnlyForDeploymentPostprocessing = 0;
		};
/* End PBXFrameworksBuildPhase section */

/* Begin PBXGroup section */
		2F1FD6658E0EB679B94630AE /* Pods */ = {
			isa = PBXGroup;
			children = (
				EDF8E4AECE164B9DC79C5C38 /* Pods-BioE 123 V3 Centrifuge.debug.xcconfig */,
				6F1C5A4CC5073F63920E4D49 /* Pods-BioE 123 V3 Centrifuge.release.xcconfig */,
				185ED486E1E175CDCA24599D /* Pods-BioE 123 V3 Centrifuge-BioE 123 V3 CentrifugeUITests.debug.xcconfig */,
				0E6454B2D11DE4F57F2B183A /* Pods-BioE 123 V3 Centrifuge-BioE 123 V3 CentrifugeUITests.release.xcconfig */,
				FD2411F4C3AE7147937EAAE9 /* Pods-BioE 123 V3 CentrifugeTests.debug.xcconfig */,
				B21A6688E67DC1A2F4D50699 /* Pods-BioE 123 V3 CentrifugeTests.release.xcconfig */,
			);
			name = Pods;
			path = Pods;
			sourceTree = "<group>";
		};
		500ED83C833663A3EF5EF7B8 /* Frameworks */ = {
			isa = PBXGroup;
			children = (
				B1E473FBE66E8CFC5F479BF5 /* Pods_BioE_123_V3_Centrifuge.framework */,
				5B135C688F18DCEB5D5841FF /* Pods_BioE_123_V3_Centrifuge_BioE_123_V3_CentrifugeUITests.framework */,
				0E399634E089922A273CF239 /* Pods_BioE_123_V3_CentrifugeTests.framework */,
			);
			name = Frameworks;
			sourceTree = "<group>";
		};
		A34211C929BA95200095C536 = {
			isa = PBXGroup;
			children = (
				A34211D429BA95200095C536 /* BioE 123 V3 Centrifuge */,
				A34211EB29BA95230095C536 /* BioE 123 V3 CentrifugeTests */,
				A34211F529BA95230095C536 /* BioE 123 V3 CentrifugeUITests */,
				A34211D329BA95200095C536 /* Products */,
				2F1FD6658E0EB679B94630AE /* Pods */,
				500ED83C833663A3EF5EF7B8 /* Frameworks */,
			);
			sourceTree = "<group>";
		};
		A34211D329BA95200095C536 /* Products */ = {
			isa = PBXGroup;
			children = (
				A34211D229BA95200095C536 /* BioE 123 V3 Centrifuge.app */,
				A34211E829BA95230095C536 /* BioE 123 V3 CentrifugeTests.xctest */,
				A34211F229BA95230095C536 /* BioE 123 V3 CentrifugeUITests.xctest */,
			);
			name = Products;
			sourceTree = "<group>";
		};
		A34211D429BA95200095C536 /* BioE 123 V3 Centrifuge */ = {
			isa = PBXGroup;
			children = (
				A34211D529BA95200095C536 /* AppDelegate.swift */,
				A34211D729BA95200095C536 /* SceneDelegate.swift */,
				A34211D929BA95200095C536 /* ViewController.swift */,
				A34211DB29BA95200095C536 /* Main.storyboard */,
				A34211DE29BA95220095C536 /* Assets.xcassets */,
				A34211E029BA95220095C536 /* LaunchScreen.storyboard */,
				A34211E329BA95220095C536 /* Info.plist */,
			);
			path = "BioE 123 V3 Centrifuge";
			sourceTree = "<group>";
		};
		A34211EB29BA95230095C536 /* BioE 123 V3 CentrifugeTests */ = {
			isa = PBXGroup;
			children = (
				A34211EC29BA95230095C536 /* BioE_123_V3_CentrifugeTests.swift */,
			);
			path = "BioE 123 V3 CentrifugeTests";
			sourceTree = "<group>";
		};
		A34211F529BA95230095C536 /* BioE 123 V3 CentrifugeUITests */ = {
			isa = PBXGroup;
			children = (
				A34211F629BA95230095C536 /* BioE_123_V3_CentrifugeUITests.swift */,
				A34211F829BA95230095C536 /* BioE_123_V3_CentrifugeUITestsLaunchTests.swift */,
			);
			path = "BioE 123 V3 CentrifugeUITests";
			sourceTree = "<group>";
		};
/* End PBXGroup section */

/* Begin PBXNativeTarget section */
		A34211D129BA95200095C536 /* BioE 123 V3 Centrifuge */ = {
			isa = PBXNativeTarget;
			buildConfigurationList = A34211FC29BA95230095C536 /* Build configuration list for PBXNativeTarget "BioE 123 V3 Centrifuge" */;
			buildPhases = (
				8D041C8F11B227B3F4A93EFD /* [CP] Check Pods Manifest.lock */,
				A34211CE29BA95200095C536 /* Sources */,
				A34211CF29BA95200095C536 /* Frameworks */,
				A34211D029BA95200095C536 /* Resources */,
				1A3E3E765EDDFA6F4E16BFC5 /* [CP] Embed Pods Frameworks */,
			);
			buildRules = (
			);
			dependencies = (
			);
			name = "BioE 123 V3 Centrifuge";
			productName = "BioE 123 V3 Centrifuge";
			productReference = A34211D229BA95200095C536 /* BioE 123 V3 Centrifuge.app */;
			productType = "com.apple.product-type.application";
		};
		A34211E729BA95230095C536 /* BioE 123 V3 CentrifugeTests */ = {
			isa = PBXNativeTarget;
			buildConfigurationList = A34211FF29BA95230095C536 /* Build configuration list for PBXNativeTarget "BioE 123 V3 CentrifugeTests" */;
			buildPhases = (
				E30B7D6E69AAB4B5F84C37CC /* [CP] Check Pods Manifest.lock */,
				A34211E429BA95230095C536 /* Sources */,
				A34211E529BA95230095C536 /* Frameworks */,
				A34211E629BA95230095C536 /* Resources */,
			);
			buildRules = (
			);
			dependencies = (
				A34211EA29BA95230095C536 /* PBXTargetDependency */,
			);
			name = "BioE 123 V3 CentrifugeTests";
			productName = "BioE 123 V3 CentrifugeTests";
			productReference = A34211E829BA95230095C536 /* BioE 123 V3 CentrifugeTests.xctest */;
			productType = "com.apple.product-type.bundle.unit-test";
		};
		A34211F129BA95230095C536 /* BioE 123 V3 CentrifugeUITests */ = {
			isa = PBXNativeTarget;
			buildConfigurationList = A342120229BA95230095C536 /* Build configuration list for PBXNativeTarget "BioE 123 V3 CentrifugeUITests" */;
			buildPhases = (
				9D309463AFC73E7D6978346A /* [CP] Check Pods Manifest.lock */,
				A34211EE29BA95230095C536 /* Sources */,
				A34211EF29BA95230095C536 /* Frameworks */,
				A34211F029BA95230095C536 /* Resources */,
				166DB9ACEDCCB728A40D8843 /* [CP] Embed Pods Frameworks */,
			);
			buildRules = (
			);
			dependencies = (
				A34211F429BA95230095C536 /* PBXTargetDependency */,
			);
			name = "BioE 123 V3 CentrifugeUITests";
			productName = "BioE 123 V3 CentrifugeUITests";
			productReference = A34211F229BA95230095C536 /* BioE 123 V3 CentrifugeUITests.xctest */;
			productType = "com.apple.product-type.bundle.ui-testing";
		};
/* End PBXNativeTarget section */

/* Begin PBXProject section */
		A34211CA29BA95200095C536 /* Project object */ = {
			isa = PBXProject;
			attributes = {
				BuildIndependentTargetsInParallel = 1;
				LastSwiftUpdateCheck = 1420;
				LastUpgradeCheck = 1420;
				TargetAttributes = {
					A34211D129BA95200095C536 = {
						CreatedOnToolsVersion = 14.2;
					};
					A34211E729BA95230095C536 = {
						CreatedOnToolsVersion = 14.2;
						TestTargetID = A34211D129BA95200095C536;
					};
					A34211F129BA95230095C536 = {
						CreatedOnToolsVersion = 14.2;
						TestTargetID = A34211D129BA95200095C536;
					};
				};
			};
			buildConfigurationList = A34211CD29BA95200095C536 /* Build configuration list for PBXProject "BioE 123 V3 Centrifuge" */;
			compatibilityVersion = "Xcode 14.0";
			developmentRegion = en;
			hasScannedForEncodings = 0;
			knownRegions = (
				en,
				Base,
			);
			mainGroup = A34211C929BA95200095C536;
			productRefGroup = A34211D329BA95200095C536 /* Products */;
			projectDirPath = "";
			projectRoot = "";
			targets = (
				A34211D129BA95200095C536 /* BioE 123 V3 Centrifuge */,
				A34211E729BA95230095C536 /* BioE 123 V3 CentrifugeTests */,
				A34211F129BA95230095C536 /* BioE 123 V3 CentrifugeUITests */,
			);
		};
/* End PBXProject section */

/* Begin PBXResourcesBuildPhase section */
		A34211D029BA95200095C536 /* Resources */ = {
			isa = PBXResourcesBuildPhase;
			buildActionMask = 2147483647;
			files = (
				A34211E229BA95220095C536 /* LaunchScreen.storyboard in Resources */,
				A34211DF29BA95220095C536 /* Assets.xcassets in Resources */,
				A34211DD29BA95200095C536 /* Main.storyboard in Resources */,
			);
			runOnlyForDeploymentPostprocessing = 0;
		};
		A34211E629BA95230095C536 /* Resources */ = {
			isa = PBXResourcesBuildPhase;
			buildActionMask = 2147483647;
			files = (
			);
			runOnlyForDeploymentPostprocessing = 0;
		};
		A34211F029BA95230095C536 /* Resources */ = {
			isa = PBXResourcesBuildPhase;
			buildActionMask = 2147483647;
			files = (
			);
			runOnlyForDeploymentPostprocessing = 0;
		};
/* End PBXResourcesBuildPhase section */

/* Begin PBXShellScriptBuildPhase section */
		166DB9ACEDCCB728A40D8843 /* [CP] Embed Pods Frameworks */ = {
			isa = PBXShellScriptBuildPhase;
			buildActionMask = 2147483647;
			files = (
			);
			inputFileListPaths = (
				"${PODS_ROOT}/Target Support Files/Pods-BioE 123 V3 Centrifuge-BioE 123 V3 CentrifugeUITests/Pods-BioE 123 V3 Centrifuge-BioE 123 V3 CentrifugeUITests-frameworks-${CONFIGURATION}-input-files.xcfilelist",
			);
			name = "[CP] Embed Pods Frameworks";
			outputFileListPaths = (
				"${PODS_ROOT}/Target Support Files/Pods-BioE 123 V3 Centrifuge-BioE 123 V3 CentrifugeUITests/Pods-BioE 123 V3 Centrifuge-BioE 123 V3 CentrifugeUITests-frameworks-${CONFIGURATION}-output-files.xcfilelist",
			);
			runOnlyForDeploymentPostprocessing = 0;
			shellPath = /bin/sh;
			shellScript = "\"${PODS_ROOT}/Target Support Files/Pods-BioE 123 V3 Centrifuge-BioE 123 V3 CentrifugeUITests/Pods-BioE 123 V3 Centrifuge-BioE 123 V3 CentrifugeUITests-frameworks.sh\"\n";
			showEnvVarsInLog = 0;
		};
		1A3E3E765EDDFA6F4E16BFC5 /* [CP] Embed Pods Frameworks */ = {
			isa = PBXShellScriptBuildPhase;
			buildActionMask = 2147483647;
			files = (
			);
			inputFileListPaths = (
				"${PODS_ROOT}/Target Support Files/Pods-BioE 123 V3 Centrifuge/Pods-BioE 123 V3 Centrifuge-frameworks-${CONFIGURATION}-input-files.xcfilelist",
			);
			name = "[CP] Embed Pods Frameworks";
			outputFileListPaths = (
				"${PODS_ROOT}/Target Support Files/Pods-BioE 123 V3 Centrifuge/Pods-BioE 123 V3 Centrifuge-frameworks-${CONFIGURATION}-output-files.xcfilelist",
			);
			runOnlyForDeploymentPostprocessing = 0;
			shellPath = /bin/sh;
			shellScript = "\"${PODS_ROOT}/Target Support Files/Pods-BioE 123 V3 Centrifuge/Pods-BioE 123 V3 Centrifuge-frameworks.sh\"\n";
			showEnvVarsInLog = 0;
		};
		8D041C8F11B227B3F4A93EFD /* [CP] Check Pods Manifest.lock */ = {
			isa = PBXShellScriptBuildPhase;
			buildActionMask = 2147483647;
			files = (
			);
			inputFileListPaths = (
			);
			inputPaths = (
				"${PODS_PODFILE_DIR_PATH}/Podfile.lock",
				"${PODS_ROOT}/Manifest.lock",
			);
			name = "[CP] Check Pods Manifest.lock";
			outputFileListPaths = (
			);
			outputPaths = (
				"$(DERIVED_FILE_DIR)/Pods-BioE 123 V3 Centrifuge-checkManifestLockResult.txt",
			);
			runOnlyForDeploymentPostprocessing = 0;
			shellPath = /bin/sh;
			shellScript = "diff \"${PODS_PODFILE_DIR_PATH}/Podfile.lock\" \"${PODS_ROOT}/Manifest.lock\" > /dev/null\nif [ $? != 0 ] ; then\n    # print error to STDERR\n    echo \"error: The sandbox is not in sync with the Podfile.lock. Run 'pod install' or update your CocoaPods installation.\" >&2\n    exit 1\nfi\n# This output is used by Xcode 'outputs' to avoid re-running this script phase.\necho \"SUCCESS\" > \"${SCRIPT_OUTPUT_FILE_0}\"\n";
			showEnvVarsInLog = 0;
		};
		9D309463AFC73E7D6978346A /* [CP] Check Pods Manifest.lock */ = {
			isa = PBXShellScriptBuildPhase;
			buildActionMask = 2147483647;
			files = (
			);
			inputFileListPaths = (
			);
			inputPaths = (
				"${PODS_PODFILE_DIR_PATH}/Podfile.lock",
				"${PODS_ROOT}/Manifest.lock",
			);
			name = "[CP] Check Pods Manifest.lock";
			outputFileListPaths = (
			);
			outputPaths = (
				"$(DERIVED_FILE_DIR)/Pods-BioE 123 V3 Centrifuge-BioE 123 V3 CentrifugeUITests-checkManifestLockResult.txt",
			);
			runOnlyForDeploymentPostprocessing = 0;
			shellPath = /bin/sh;
			shellScript = "diff \"${PODS_PODFILE_DIR_PATH}/Podfile.lock\" \"${PODS_ROOT}/Manifest.lock\" > /dev/null\nif [ $? != 0 ] ; then\n    # print error to STDERR\n    echo \"error: The sandbox is not in sync with the Podfile.lock. Run 'pod install' or update your CocoaPods installation.\" >&2\n    exit 1\nfi\n# This output is used by Xcode 'outputs' to avoid re-running this script phase.\necho \"SUCCESS\" > \"${SCRIPT_OUTPUT_FILE_0}\"\n";
			showEnvVarsInLog = 0;
		};
		E30B7D6E69AAB4B5F84C37CC /* [CP] Check Pods Manifest.lock */ = {
			isa = PBXShellScriptBuildPhase;
			buildActionMask = 2147483647;
			files = (
			);
			inputFileListPaths = (
			);
			inputPaths = (
				"${PODS_PODFILE_DIR_PATH}/Podfile.lock",
				"${PODS_ROOT}/Manifest.lock",
			);
			name = "[CP] Check Pods Manifest.lock";
			outputFileListPaths = (
			);
			outputPaths = (
				"$(DERIVED_FILE_DIR)/Pods-BioE 123 V3 CentrifugeTests-checkManifestLockResult.txt",
			);
			runOnlyForDeploymentPostprocessing = 0;
			shellPath = /bin/sh;
			shellScript = "diff \"${PODS_PODFILE_DIR_PATH}/Podfile.lock\" \"${PODS_ROOT}/Manifest.lock\" > /dev/null\nif [ $? != 0 ] ; then\n    # print error to STDERR\n    echo \"error: The sandbox is not in sync with the Podfile.lock. Run 'pod install' or update your CocoaPods installation.\" >&2\n    exit 1\nfi\n# This output is used by Xcode 'outputs' to avoid re-running this script phase.\necho \"SUCCESS\" > \"${SCRIPT_OUTPUT_FILE_0}\"\n";
			showEnvVarsInLog = 0;
		};
/* End PBXShellScriptBuildPhase section */

/* Begin PBXSourcesBuildPhase section */
		A34211CE29BA95200095C536 /* Sources */ = {
			isa = PBXSourcesBuildPhase;
			buildActionMask = 2147483647;
			files = (
				A34211DA29BA95200095C536 /* ViewController.swift in Sources */,
				A34211D629BA95200095C536 /* AppDelegate.swift in Sources */,
				A34211D829BA95200095C536 /* SceneDelegate.swift in Sources */,
			);
			runOnlyForDeploymentPostprocessing = 0;
		};
		A34211E429BA95230095C536 /* Sources */ = {
			isa = PBXSourcesBuildPhase;
			buildActionMask = 2147483647;
			files = (
				A34211ED29BA95230095C536 /* BioE_123_V3_CentrifugeTests.swift in Sources */,
			);
			runOnlyForDeploymentPostprocessing = 0;
		};
		A34211EE29BA95230095C536 /* Sources */ = {
			isa = PBXSourcesBuildPhase;
			buildActionMask = 2147483647;
			files = (
				A34211F729BA95230095C536 /* BioE_123_V3_CentrifugeUITests.swift in Sources */,
				A34211F929BA95230095C536 /* BioE_123_V3_CentrifugeUITestsLaunchTests.swift in Sources */,
			);
			runOnlyForDeploymentPostprocessing = 0;
		};
/* End PBXSourcesBuildPhase section */

/* Begin PBXTargetDependency section */
		A34211EA29BA95230095C536 /* PBXTargetDependency */ = {
			isa = PBXTargetDependency;
			target = A34211D129BA95200095C536 /* BioE 123 V3 Centrifuge */;
			targetProxy = A34211E929BA95230095C536 /* PBXContainerItemProxy */;
		};
		A34211F429BA95230095C536 /* PBXTargetDependency */ = {
			isa = PBXTargetDependency;
			target = A34211D129BA95200095C536 /* BioE 123 V3 Centrifuge */;
			targetProxy = A34211F329BA95230095C536 /* PBXContainerItemProxy */;
		};
/* End PBXTargetDependency section */

/* Begin PBXVariantGroup section */
		A34211DB29BA95200095C536 /* Main.storyboard */ = {
			isa = PBXVariantGroup;
			children = (
				A34211DC29BA95200095C536 /* Base */,
			);
			name = Main.storyboard;
			sourceTree = "<group>";
		};
		A34211E029BA95220095C536 /* LaunchScreen.storyboard */ = {
			isa = PBXVariantGroup;
			children = (
				A34211E129BA95220095C536 /* Base */,
			);
			name = LaunchScreen.storyboard;
			sourceTree = "<group>";
		};
/* End PBXVariantGroup section */

/* Begin XCBuildConfiguration section */
		A34211FA29BA95230095C536 /* Debug */ = {
			isa = XCBuildConfiguration;
			buildSettings = {
				ALWAYS_SEARCH_USER_PATHS = NO;
				CLANG_ANALYZER_NONNULL = YES;
				CLANG_ANALYZER_NUMBER_OBJECT_CONVERSION = YES_AGGRESSIVE;
				CLANG_CXX_LANGUAGE_STANDARD = "gnu++20";
				CLANG_ENABLE_MODULES = YES;
				CLANG_ENABLE_OBJC_ARC = YES;
				CLANG_ENABLE_OBJC_WEAK = YES;
				CLANG_WARN_BLOCK_CAPTURE_AUTORELEASING = YES;
				CLANG_WARN_BOOL_CONVERSION = YES;
				CLANG_WARN_COMMA = YES;
				CLANG_WARN_CONSTANT_CONVERSION = YES;
				CLANG_WARN_DEPRECATED_OBJC_IMPLEMENTATIONS = YES;
				CLANG_WARN_DIRECT_OBJC_ISA_USAGE = YES_ERROR;
				CLANG_WARN_DOCUMENTATION_COMMENTS = YES;
				CLANG_WARN_EMPTY_BODY = YES;
				CLANG_WARN_ENUM_CONVERSION = YES;
				CLANG_WARN_INFINITE_RECURSION = YES;
				CLANG_WARN_INT_CONVERSION = YES;
				CLANG_WARN_NON_LITERAL_NULL_CONVERSION = YES;
				CLANG_WARN_OBJC_IMPLICIT_RETAIN_SELF = YES;
				CLANG_WARN_OBJC_LITERAL_CONVERSION = YES;
				CLANG_WARN_OBJC_ROOT_CLASS = YES_ERROR;
				CLANG_WARN_QUOTED_INCLUDE_IN_FRAMEWORK_HEADER = YES;
				CLANG_WARN_RANGE_LOOP_ANALYSIS = YES;
				CLANG_WARN_STRICT_PROTOTYPES = YES;
				CLANG_WARN_SUSPICIOUS_MOVE = YES;
				CLANG_WARN_UNGUARDED_AVAILABILITY = YES_AGGRESSIVE;
				CLANG_WARN_UNREACHABLE_CODE = YES;
				CLANG_WARN__DUPLICATE_METHOD_MATCH = YES;
				COPY_PHASE_STRIP = NO;
				DEBUG_INFORMATION_FORMAT = dwarf;
				ENABLE_STRICT_OBJC_MSGSEND = YES;
				ENABLE_TESTABILITY = YES;
				GCC_C_LANGUAGE_STANDARD = gnu11;
				GCC_DYNAMIC_NO_PIC = NO;
				GCC_NO_COMMON_BLOCKS = YES;
				GCC_OPTIMIZATION_LEVEL = 0;
				GCC_PREPROCESSOR_DEFINITIONS = (
					"DEBUG=1",
					"$(inherited)",
				);
				GCC_WARN_64_TO_32_BIT_CONVERSION = YES;
				GCC_WARN_ABOUT_RETURN_TYPE = YES_ERROR;
				GCC_WARN_UNDECLARED_SELECTOR = YES;
				GCC_WARN_UNINITIALIZED_AUTOS = YES_AGGRESSIVE;
				GCC_WARN_UNUSED_FUNCTION = YES;
				GCC_WARN_UNUSED_VARIABLE = YES;
				IPHONEOS_DEPLOYMENT_TARGET = 16.2;
				MTL_ENABLE_DEBUG_INFO = INCLUDE_SOURCE;
				MTL_FAST_MATH = YES;
				ONLY_ACTIVE_ARCH = YES;
				SDKROOT = iphoneos;
				SWIFT_ACTIVE_COMPILATION_CONDITIONS = DEBUG;
				SWIFT_OPTIMIZATION_LEVEL = "-Onone";
			};
			name = Debug;
		};
		A34211FB29BA95230095C536 /* Release */ = {
			isa = XCBuildConfiguration;
			buildSettings = {
				ALWAYS_SEARCH_USER_PATHS = NO;
				CLANG_ANALYZER_NONNULL = YES;
				CLANG_ANALYZER_NUMBER_OBJECT_CONVERSION = YES_AGGRESSIVE;
				CLANG_CXX_LANGUAGE_STANDARD = "gnu++20";
				CLANG_ENABLE_MODULES = YES;
				CLANG_ENABLE_OBJC_ARC = YES;
				CLANG_ENABLE_OBJC_WEAK = YES;
				CLANG_WARN_BLOCK_CAPTURE_AUTORELEASING = YES;
				CLANG_WARN_BOOL_CONVERSION = YES;
				CLANG_WARN_COMMA = YES;
				CLANG_WARN_CONSTANT_CONVERSION = YES;
				CLANG_WARN_DEPRECATED_OBJC_IMPLEMENTATIONS = YES;
				CLANG_WARN_DIRECT_OBJC_ISA_USAGE = YES_ERROR;
				CLANG_WARN_DOCUMENTATION_COMMENTS = YES;
				CLANG_WARN_EMPTY_BODY = YES;
				CLANG_WARN_ENUM_CONVERSION = YES;
				CLANG_WARN_INFINITE_RECURSION = YES;
				CLANG_WARN_INT_CONVERSION = YES;
				CLANG_WARN_NON_LITERAL_NULL_CONVERSION = YES;
				CLANG_WARN_OBJC_IMPLICIT_RETAIN_SELF = YES;
				CLANG_WARN_OBJC_LITERAL_CONVERSION = YES;
				CLANG_WARN_OBJC_ROOT_CLASS = YES_ERROR;
				CLANG_WARN_QUOTED_INCLUDE_IN_FRAMEWORK_HEADER = YES;
				CLANG_WARN_RANGE_LOOP_ANALYSIS = YES;
				CLANG_WARN_STRICT_PROTOTYPES = YES;
				CLANG_WARN_SUSPICIOUS_MOVE = YES;
				CLANG_WARN_UNGUARDED_AVAILABILITY = YES_AGGRESSIVE;
				CLANG_WARN_UNREACHABLE_CODE = YES;
				CLANG_WARN__DUPLICATE_METHOD_MATCH = YES;
				COPY_PHASE_STRIP = NO;
				DEBUG_INFORMATION_FORMAT = "dwarf-with-dsym";
				ENABLE_NS_ASSERTIONS = NO;
				ENABLE_STRICT_OBJC_MSGSEND = YES;
				GCC_C_LANGUAGE_STANDARD = gnu11;
				GCC_NO_COMMON_BLOCKS = YES;
				GCC_WARN_64_TO_32_BIT_CONVERSION = YES;
				GCC_WARN_ABOUT_RETURN_TYPE = YES_ERROR;
				GCC_WARN_UNDECLARED_SELECTOR = YES;
				GCC_WARN_UNINITIALIZED_AUTOS = YES_AGGRESSIVE;
				GCC_WARN_UNUSED_FUNCTION = YES;
				GCC_WARN_UNUSED_VARIABLE = YES;
				IPHONEOS_DEPLOYMENT_TARGET = 16.2;
				MTL_ENABLE_DEBUG_INFO = NO;
				MTL_FAST_MATH = YES;
				SDKROOT = iphoneos;
				SWIFT_COMPILATION_MODE = wholemodule;
				SWIFT_OPTIMIZATION_LEVEL = "-O";
				VALIDATE_PRODUCT = YES;
			};
			name = Release;
		};
		A34211FD29BA95230095C536 /* Debug */ = {
			isa = XCBuildConfiguration;
			baseConfigurationReference = EDF8E4AECE164B9DC79C5C38 /* Pods-BioE 123 V3 Centrifuge.debug.xcconfig */;
			buildSettings = {
				ASSETCATALOG_COMPILER_APPICON_NAME = AppIcon;
				ASSETCATALOG_COMPILER_GLOBAL_ACCENT_COLOR_NAME = AccentColor;
				CODE_SIGN_STYLE = Automatic;
				CURRENT_PROJECT_VERSION = 1;
				DEVELOPMENT_TEAM = 7CUZ7VYK4D;
				GENERATE_INFOPLIST_FILE = YES;
				INFOPLIST_FILE = "BioE 123 V3 Centrifuge/Info.plist";
				INFOPLIST_KEY_UIApplicationSupportsIndirectInputEvents = YES;
				INFOPLIST_KEY_UILaunchStoryboardName = LaunchScreen;
				INFOPLIST_KEY_UIMainStoryboardFile = Main;
				INFOPLIST_KEY_UISupportedInterfaceOrientations_iPad = "UIInterfaceOrientationPortrait UIInterfaceOrientationPortraitUpsideDown UIInterfaceOrientationLandscapeLeft UIInterfaceOrientationLandscapeRight";
				INFOPLIST_KEY_UISupportedInterfaceOrientations_iPhone = "UIInterfaceOrientationPortrait UIInterfaceOrientationLandscapeLeft UIInterfaceOrientationLandscapeRight";
				LD_RUNPATH_SEARCH_PATHS = (
					"$(inherited)",
					"@executable_path/Frameworks",
				);
				MARKETING_VERSION = 1.0;
				PRODUCT_BUNDLE_IDENTIFIER = "Team-18.BioE-123-V3-Centrifuge";
				PRODUCT_NAME = "$(TARGET_NAME)";
				SWIFT_EMIT_LOC_STRINGS = YES;
				SWIFT_VERSION = 5.0;
				TARGETED_DEVICE_FAMILY = "1,2";
			};
			name = Debug;
		};
		A34211FE29BA95230095C536 /* Release */ = {
			isa = XCBuildConfiguration;
			baseConfigurationReference = 6F1C5A4CC5073F63920E4D49 /* Pods-BioE 123 V3 Centrifuge.release.xcconfig */;
			buildSettings = {
				ASSETCATALOG_COMPILER_APPICON_NAME = AppIcon;
				ASSETCATALOG_COMPILER_GLOBAL_ACCENT_COLOR_NAME = AccentColor;
				CODE_SIGN_STYLE = Automatic;
				CURRENT_PROJECT_VERSION = 1;
				DEVELOPMENT_TEAM = 7CUZ7VYK4D;
				GENERATE_INFOPLIST_FILE = YES;
				INFOPLIST_FILE = "BioE 123 V3 Centrifuge/Info.plist";
				INFOPLIST_KEY_UIApplicationSupportsIndirectInputEvents = YES;
				INFOPLIST_KEY_UILaunchStoryboardName = LaunchScreen;
				INFOPLIST_KEY_UIMainStoryboardFile = Main;
				INFOPLIST_KEY_UISupportedInterfaceOrientations_iPad = "UIInterfaceOrientationPortrait UIInterfaceOrientationPortraitUpsideDown UIInterfaceOrientationLandscapeLeft UIInterfaceOrientationLandscapeRight";
				INFOPLIST_KEY_UISupportedInterfaceOrientations_iPhone = "UIInterfaceOrientationPortrait UIInterfaceOrientationLandscapeLeft UIInterfaceOrientationLandscapeRight";
				LD_RUNPATH_SEARCH_PATHS = (
					"$(inherited)",
					"@executable_path/Frameworks",
				);
				MARKETING_VERSION = 1.0;
				PRODUCT_BUNDLE_IDENTIFIER = "Team-18.BioE-123-V3-Centrifuge";
				PRODUCT_NAME = "$(TARGET_NAME)";
				SWIFT_EMIT_LOC_STRINGS = YES;
				SWIFT_VERSION = 5.0;
				TARGETED_DEVICE_FAMILY = "1,2";
			};
			name = Release;
		};
		A342120029BA95230095C536 /* Debug */ = {
			isa = XCBuildConfiguration;
			baseConfigurationReference = FD2411F4C3AE7147937EAAE9 /* Pods-BioE 123 V3 CentrifugeTests.debug.xcconfig */;
			buildSettings = {
				ALWAYS_EMBED_SWIFT_STANDARD_LIBRARIES = YES;
				BUNDLE_LOADER = "$(TEST_HOST)";
				CODE_SIGN_STYLE = Automatic;
				CURRENT_PROJECT_VERSION = 1;
				DEVELOPMENT_TEAM = 7CUZ7VYK4D;
				GENERATE_INFOPLIST_FILE = YES;
				IPHONEOS_DEPLOYMENT_TARGET = 16.2;
				MARKETING_VERSION = 1.0;
				PRODUCT_BUNDLE_IDENTIFIER = "Team-18.BioE-123-V3-CentrifugeTests";
				PRODUCT_NAME = "$(TARGET_NAME)";
				SWIFT_EMIT_LOC_STRINGS = NO;
				SWIFT_VERSION = 5.0;
				TARGETED_DEVICE_FAMILY = "1,2";
				TEST_HOST = "$(BUILT_PRODUCTS_DIR)/BioE 123 V3 Centrifuge.app/$(BUNDLE_EXECUTABLE_FOLDER_PATH)/BioE 123 V3 Centrifuge";
			};
			name = Debug;
		};
		A342120129BA95230095C536 /* Release */ = {
			isa = XCBuildConfiguration;
			baseConfigurationReference = B21A6688E67DC1A2F4D50699 /* Pods-BioE 123 V3 CentrifugeTests.release.xcconfig */;
			buildSettings = {
				ALWAYS_EMBED_SWIFT_STANDARD_LIBRARIES = YES;
				BUNDLE_LOADER = "$(TEST_HOST)";
				CODE_SIGN_STYLE = Automatic;
				CURRENT_PROJECT_VERSION = 1;
				DEVELOPMENT_TEAM = 7CUZ7VYK4D;
				GENERATE_INFOPLIST_FILE = YES;
				IPHONEOS_DEPLOYMENT_TARGET = 16.2;
				MARKETING_VERSION = 1.0;
				PRODUCT_BUNDLE_IDENTIFIER = "Team-18.BioE-123-V3-CentrifugeTests";
				PRODUCT_NAME = "$(TARGET_NAME)";
				SWIFT_EMIT_LOC_STRINGS = NO;
				SWIFT_VERSION = 5.0;
				TARGETED_DEVICE_FAMILY = "1,2";
				TEST_HOST = "$(BUILT_PRODUCTS_DIR)/BioE 123 V3 Centrifuge.app/$(BUNDLE_EXECUTABLE_FOLDER_PATH)/BioE 123 V3 Centrifuge";
			};
			name = Release;
		};
		A342120329BA95230095C536 /* Debug */ = {
			isa = XCBuildConfiguration;
			baseConfigurationReference = 185ED486E1E175CDCA24599D /* Pods-BioE 123 V3 Centrifuge-BioE 123 V3 CentrifugeUITests.debug.xcconfig */;
			buildSettings = {
				ALWAYS_EMBED_SWIFT_STANDARD_LIBRARIES = YES;
				CODE_SIGN_STYLE = Automatic;
				CURRENT_PROJECT_VERSION = 1;
				DEVELOPMENT_TEAM = 7CUZ7VYK4D;
				GENERATE_INFOPLIST_FILE = YES;
				MARKETING_VERSION = 1.0;
				PRODUCT_BUNDLE_IDENTIFIER = "Team-18.BioE-123-V3-CentrifugeUITests";
				PRODUCT_NAME = "$(TARGET_NAME)";
				SWIFT_EMIT_LOC_STRINGS = NO;
				SWIFT_VERSION = 5.0;
				TARGETED_DEVICE_FAMILY = "1,2";
				TEST_TARGET_NAME = "BioE 123 V3 Centrifuge";
			};
			name = Debug;
		};
		A342120429BA95230095C536 /* Release */ = {
			isa = XCBuildConfiguration;
			baseConfigurationReference = 0E6454B2D11DE4F57F2B183A /* Pods-BioE 123 V3 Centrifuge-BioE 123 V3 CentrifugeUITests.release.xcconfig */;
			buildSettings = {
				ALWAYS_EMBED_SWIFT_STANDARD_LIBRARIES = YES;
				CODE_SIGN_STYLE = Automatic;
				CURRENT_PROJECT_VERSION = 1;
				DEVELOPMENT_TEAM = 7CUZ7VYK4D;
				GENERATE_INFOPLIST_FILE = YES;
				MARKETING_VERSION = 1.0;
				PRODUCT_BUNDLE_IDENTIFIER = "Team-18.BioE-123-V3-CentrifugeUITests";
				PRODUCT_NAME = "$(TARGET_NAME)";
				SWIFT_EMIT_LOC_STRINGS = NO;
				SWIFT_VERSION = 5.0;
				TARGETED_DEVICE_FAMILY = "1,2";
				TEST_TARGET_NAME = "BioE 123 V3 Centrifuge";
			};
			name = Release;
		};
/* End XCBuildConfiguration section */

/* Begin XCConfigurationList section */
		A34211CD29BA95200095C536 /* Build configuration list for PBXProject "BioE 123 V3 Centrifuge" */ = {
			isa = XCConfigurationList;
			buildConfigurations = (
				A34211FA29BA95230095C536 /* Debug */,
				A34211FB29BA95230095C536 /* Release */,
			);
			defaultConfigurationIsVisible = 0;
			defaultConfigurationName = Release;
		};
		A34211FC29BA95230095C536 /* Build configuration list for PBXNativeTarget "BioE 123 V3 Centrifuge" */ = {
			isa = XCConfigurationList;
			buildConfigurations = (
				A34211FD29BA95230095C536 /* Debug */,
				A34211FE29BA95230095C536 /* Release */,
			);
			defaultConfigurationIsVisible = 0;
			defaultConfigurationName = Release;
		};
		A34211FF29BA95230095C536 /* Build configuration list for PBXNativeTarget "BioE 123 V3 CentrifugeTests" */ = {
			isa = XCConfigurationList;
			buildConfigurations = (
				A342120029BA95230095C536 /* Debug */,
				A342120129BA95230095C536 /* Release */,
			);
			defaultConfigurationIsVisible = 0;
			defaultConfigurationName = Release;
		};
		A342120229BA95230095C536 /* Build configuration list for PBXNativeTarget "BioE 123 V3 CentrifugeUITests" */ = {
			isa = XCConfigurationList;
			buildConfigurations = (
				A342120329BA95230095C536 /* Debug */,
				A342120429BA95230095C536 /* Release */,
			);
			defaultConfigurationIsVisible = 0;
			defaultConfigurationName = Release;
		};
/* End XCConfigurationList section */
	};
	rootObject = A34211CA29BA95200095C536 /* Project object */;
}
